
Microsoft Visual Studio Solution File, Format Version 12.00
# Visual Studio 15
VisualStudioVersion = 15.0.27428.2043
MinimumVisualStudioVersion = 10.0.40219.1
Project("{FAE04EC0-301F-11D3-BF4B-00C04F79EFBC}") = "TA", "TA\TA.csproj", "{2E24DCB2-C620-4666-879A-788621E7122E}"
EndProject
Project("{FAE04EC0-301F-11D3-BF4B-00C04F79EFBC}") = "TA.Data", "TA.Data\TA.Data.csproj", "{AA57E6D7-28DE-41D7-BEBA-9F3A07380428}"
EndProject
Project("{FAE04EC0-301F-11D3-BF4B-00C04F79EFBC}") = "TA.Service", "TA.Service\TA.Service.csproj", "{3B57F9FF-467C-4F6D-A3A4-EA032EADC0B4}"
EndProject
Global
	GlobalSection(SolutionConfigurationPlatforms) = preSolution
		Debug|Any CPU = Debug|Any CPU
		Release|Any CPU = Release|Any CPU
	EndGlobalSection
	GlobalSection(ProjectConfigurationPlatforms) = postSolution
		{2E24DCB2-C620-4666-879A-788621E7122E}.Debug|Any CPU.ActiveCfg = Debug|Any CPU
		{2E24DCB2-C620-4666-879A-788621E7122E}.Debug|Any CPU.Build.0 = Debug|Any CPU
		{2E24DCB2-C620-4666-879A-788621E7122E}.Release|Any CPU.ActiveCfg = Release|Any CPU
		{2E24DCB2-C620-4666-879A-788621E7122E}.Release|Any CPU.Build.0 = Release|Any CPU
		{AA57E6D7-28DE-41D7-BEBA-9F3A07380428}.Debug|Any CPU.ActiveCfg = Debug|Any CPU
		{AA57E6D7-28DE-41D7-BEBA-9F3A07380428}.Debug|Any CPU.Build.0 = Debug|Any CPU
		{AA57E6D7-28DE-41D7-BEBA-9F3A07380428}.Release|Any CPU.ActiveCfg = Release|Any CPU
		{AA57E6D7-28DE-41D7-BEBA-9F3A07380428}.Release|Any CPU.Build.0 = Release|Any CPU
		{3B57F9FF-467C-4F6D-A3A4-EA032EADC0B4}.Debug|Any CPU.ActiveCfg = Debug|Any CPU
		{3B57F9FF-467C-4F6D-A3A4-EA032EADC0B4}.Debug|Any CPU.Build.0 = Debug|Any CPU
		{3B57F9FF-467C-4F6D-A3A4-EA032EADC0B4}.Release|Any CPU.ActiveCfg = Release|Any CPU
		{3B57F9FF-467C-4F6D-A3A4-EA032EADC0B4}.Release|Any CPU.Build.0 = Release|Any CPU
	EndGlobalSection
	GlobalSection(SolutionProperties) = preSolution
		HideSolutionNode = FALSE
	EndGlobalSection
	GlobalSection(ExtensibilityGlobals) = postSolution
		SolutionGuid = {C2B2B1E4-57AB-4E62-B424-E9D6DA109FD6}
	EndGlobalSection
EndGlobal
